
Microsoft Visual Studio Solution File, Format Version 12.00
# Visual Studio Version 16
VisualStudioVersion = 16.0.31313.79
MinimumVisualStudioVersion = 10.0.40219.1
Project("{FAE04EC0-301F-11D3-BF4B-00C04F79EFBC}") = "Flujo de datos - C2 Ej19", "Flujo de datos - C2 Ej19\Flujo de datos - C2 Ej19.csproj", "{40E938FD-60DB-442E-A783-2AF08A8FAFA7}"
EndProject
Global
	GlobalSection(SolutionConfigurationPlatforms) = preSolution
		Debug|Any CPU = Debug|Any CPU
		Release|Any CPU = Release|Any CPU
	EndGlobalSection
	GlobalSection(ProjectConfigurationPlatforms) = postSolution
		{40E938FD-60DB-442E-A783-2AF08A8FAFA7}.Debug|Any CPU.ActiveCfg = Debug|Any CPU
		{40E938FD-60DB-442E-A783-2AF08A8FAFA7}.Debug|Any CPU.Build.0 = Debug|Any CPU
		{40E938FD-60DB-442E-A783-2AF08A8FAFA7}.Release|Any CPU.ActiveCfg = Release|Any CPU
		{40E938FD-60DB-442E-A783-2AF08A8FAFA7}.Release|Any CPU.Build.0 = Release|Any CPU
	EndGlobalSection
	GlobalSection(SolutionProperties) = preSolution
		HideSolutionNode = FALSE
	EndGlobalSection
	GlobalSection(ExtensibilityGlobals) = postSolution
		SolutionGuid = {1E383DA2-2091-49D7-8979-63AB7656E694}
	EndGlobalSection
EndGlobal
